# This file is automatically @generated by Cargo.
# It is not intended for manual editing.
version = 3

[[package]]
name = "jitgen-adapters"
version = "0.1.0"
dependencies = [
 "jitgen-core",
]

[[package]]
name = "jitgen-cli"
version = "0.1.0"
dependencies = [
 "jitgen-core",
]

[[package]]
name = "jitgen-context"
version = "0.1.0"
dependencies = [
 "jitgen-core",
]

[[package]]
name = "jitgen-core"
version = "0.1.0"

[[package]]
name = "jitgen-feedback"
version = "0.1.0"
dependencies = [
 "jitgen-core",
]

[[package]]
name = "jitgen-gitintake"
version = "0.1.0"
dependencies = [
 "jitgen-core",
]

[[package]]
name = "jitgen-llm"
version = "0.1.0"
dependencies = [
 "jitgen-core",
]

[[package]]
name = "jitgen-materialize"
version = "0.1.0"
dependencies = [
 "jitgen-core",
]

[[package]]
name = "jitgen-orchestrator"
version = "0.1.0"
dependencies = [
 "jitgen-core",
]

[[package]]
name = "jitgen-report"
version = "0.1.0"
dependencies = [
 "jitgen-core",
]

[[package]]
name = "jitgen-sandbox"
version = "0.1.0"
dependencies = [
 "jitgen-core",
]

[[package]]
name = "jitgen-state"
version = "0.1.0"
dependencies = [
 "jitgen-core",
]
